// !$*UTF8*$!
{
	archiveVersion = 1;
	classes = {
	};
	objectVersion = 48;
	objects = {

/* Begin PBXBuildFile section */
		16A2F931202B01D00002882B /* AppDelegate.swift in Sources */ = {isa = PBXBuildFile; fileRef = 16A2F930202B01D00002882B /* AppDelegate.swift */; };
		16A2F933202B01D00002882B /* ViewController.swift in Sources */ = {isa = PBXBuildFile; fileRef = 16A2F932202B01D00002882B /* ViewController.swift */; };
		16A2F936202B01D00002882B /* Main.storyboard in Resources */ = {isa = PBXBuildFile; fileRef = 16A2F934202B01D00002882B /* Main.storyboard */; };
		16A2F938202B01D00002882B /* Assets.xcassets in Resources */ = {isa = PBXBuildFile; fileRef = 16A2F937202B01D00002882B /* Assets.xcassets */; };
		16A2F93B202B01D00002882B /* LaunchScreen.storyboard in Resources */ = {isa = PBXBuildFile; fileRef = 16A2F939202B01D00002882B /* LaunchScreen.storyboard */; };
		16A2F94B202B09AC0002882B /* NSURLRequest+SSL.m in Sources */ = {isa = PBXBuildFile; fileRef = 16A2F949202B09AB0002882B /* NSURLRequest+SSL.m */; };
/* End PBXBuildFile section */

/* Begin PBXFileReference section */
		16A2F92D202B01D00002882B /* WebViewSSL.app */ = {isa = PBXFileReference; explicitFileType = wrapper.application; includeInIndex = 0; path = WebViewSSL.app; sourceTree = BUILT_PRODUCTS_DIR; };
		16A2F930202B01D00002882B /* AppDelegate.swift */ = {isa = PBXFileReference; lastKnownFileType = sourcecode.swift; path = AppDelegate.swift; sourceTree = "<group>"; };
		16A2F932202B01D00002882B /* ViewController.swift */ = {isa = PBXFileReference; lastKnownFileType = sourcecode.swift; path = ViewController.swift; sourceTree = "<group>"; };
		16A2F935202B01D00002882B /* Base */ = {isa = PBXFileReference; lastKnownFileType = file.storyboard; name = Base; path = Base.lproj/Main.storyboard; sourceTree = "<group>"; };
		16A2F937202B01D00002882B /* Assets.xcassets */ = {isa = PBXFileReference; lastKnownFileType = folder.assetcatalog; path = Assets.xcassets; sourceTree = "<group>"; };
		16A2F93A202B01D00002882B /* Base */ = {isa = PBXFileReference; lastKnownFileType = file.storyboard; name = Base; path = Base.lproj/LaunchScreen.storyboard; sourceTree = "<group>"; };
		16A2F93C202B01D00002882B /* Info.plist */ = {isa = PBXFileReference; lastKnownFileType = text.plist.xml; path = Info.plist; sourceTree = "<group>"; };
		16A2F948202B09AB0002882B /* WebViewSSL-Bridging-Header.h */ = {isa = PBXFileReference; lastKnownFileType = sourcecode.c.h; path = "WebViewSSL-Bridging-Header.h"; sourceTree = "<group>"; };
		16A2F949202B09AB0002882B /* NSURLRequest+SSL.m */ = {isa = PBXFileReference; fileEncoding = 4; lastKnownFileType = sourcecode.c.objc; path = "NSURLRequest+SSL.m"; sourceTree = "<group>"; };
		16A2F94A202B09AB0002882B /* NSURLRequest+SSL.h */ = {isa = PBXFileReference; fileEncoding = 4; lastKnownFileType = sourcecode.c.h; path = "NSURLRequest+SSL.h"; sourceTree = "<group>"; };
/* End PBXFileReference section */

/* Begin PBXFrameworksBuildPhase section */
		16A2F92A202B01D00002882B /* Frameworks */ = {
			isa = PBXFrameworksBuildPhase;
			buildActionMask = 2147483647;
			files = (
			);
			runOnlyForDeploymentPostprocessing = 0;
		};
/* End PBXFrameworksBuildPhase section */

/* Begin PBXGroup section */
		16A2F924202B01D00002882B = {
			isa = PBXGroup;
			children = (
				16A2F92F202B01D00002882B /* WebViewSSL */,
				16A2F92E202B01D00002882B /* Products */,
			);
			sourceTree = "<group>";
		};
		16A2F92E202B01D00002882B /* Products */ = {
			isa = PBXGroup;
			children = (
				16A2F92D202B01D00002882B /* WebViewSSL.app */,
			);
			name = Products;
			sourceTree = "<group>";
		};
		16A2F92F202B01D00002882B /* WebViewSSL */ = {
			isa = PBXGroup;
			children = (
				16A2F944202B099B0002882B /* extension */,
				16A2F930202B01D00002882B /* AppDelegate.swift */,
				16A2F932202B01D00002882B /* ViewController.swift */,
				16A2F934202B01D00002882B /* Main.storyboard */,
				16A2F937202B01D00002882B /* Assets.xcassets */,
				16A2F939202B01D00002882B /* LaunchScreen.storyboard */,
				16A2F93C202B01D00002882B /* Info.plist */,
			);
			path = WebViewSSL;
			sourceTree = "<group>";
		};
		16A2F944202B099B0002882B /* extension */ = {
			isa = PBXGroup;
			children = (
				16A2F94A202B09AB0002882B /* NSURLRequest+SSL.h */,
				16A2F949202B09AB0002882B /* NSURLRequest+SSL.m */,
				16A2F948202B09AB0002882B /* WebViewSSL-Bridging-Header.h */,
			);
			path = extension;
			sourceTree = "<group>";
		};
/* End PBXGroup section */

/* Begin PBXNativeTarget section */
		16A2F92C202B01D00002882B /* WebViewSSL */ = {
			isa = PBXNativeTarget;
			buildConfigurationList = 16A2F93F202B01D00002882B /* Build configuration list for PBXNativeTarget "WebViewSSL" */;
			buildPhases = (
				16A2F929202B01D00002882B /* Sources */,
				16A2F92A202B01D00002882B /* Frameworks */,
				16A2F92B202B01D00002882B /* Resources */,
			);
			buildRules = (
			);
			dependencies = (
			);
			name = WebViewSSL;
			productName = WebViewSSL;
			productReference = 16A2F92D202B01D00002882B /* WebViewSSL.app */;
			productType = "com.apple.product-type.application";
		};
/* End PBXNativeTarget section */

/* Begin PBXProject section */
		16A2F925202B01D00002882B /* Project object */ = {
			isa = PBXProject;
			attributes = {
				LastSwiftUpdateCheck = 0910;
				LastUpgradeCheck = 0910;
				ORGANIZATIONNAME = WebViewSSL;
				TargetAttributes = {
					16A2F92C202B01D00002882B = {
						CreatedOnToolsVersion = 9.1;
						LastSwiftMigration = 0910;
						ProvisioningStyle = Automatic;
					};
				};
			};
			buildConfigurationList = 16A2F928202B01D00002882B /* Build configuration list for PBXProject "WebViewSSL" */;
			compatibilityVersion = "Xcode 8.0";
			developmentRegion = en;
			hasScannedForEncodings = 0;
			knownRegions = (
				en,
				Base,
			);
			mainGroup = 16A2F924202B01D00002882B;
			productRefGroup = 16A2F92E202B01D00002882B /* Products */;
			projectDirPath = "";
			projectRoot = "";
			targets = (
				16A2F92C202B01D00002882B /* WebViewSSL */,
			);
		};
/* End PBXProject section */

/* Begin PBXResourcesBuildPhase section */
		16A2F92B202B01D00002882B /* Resources */ = {
			isa = PBXResourcesBuildPhase;
			buildActionMask = 2147483647;
			files = (
				16A2F93B202B01D00002882B /* LaunchScreen.storyboard in Resources */,
				16A2F938202B01D00002882B /* Assets.xcassets in Resources */,
				16A2F936202B01D00002882B /* Main.storyboard in Resources */,
			);
			runOnlyForDeploymentPostprocessing = 0;
		};
/* End PBXResourcesBuildPhase section */

/* Begin PBXSourcesBuildPhase section */
		16A2F929202B01D00002882B /* Sources */ = {
			isa = PBXSourcesBuildPhase;
			buildActionMask = 2147483647;
			files = (
				16A2F933202B01D00002882B /* ViewController.swift in Sources */,
				16A2F94B202B09AC0002882B /* NSURLRequest+SSL.m in Sources */,
				16A2F931202B01D00002882B /* AppDelegate.swift in Sources */,
			);
			runOnlyForDeploymentPostprocessing = 0;
		};
/* End PBXSourcesBuildPhase section */

/* Begin PBXVariantGroup section */
		16A2F934202B01D00002882B /* Main.storyboard */ = {
			isa = PBXVariantGroup;
			children = (
				16A2F935202B01D00002882B /* Base */,
			);
			name = Main.storyboard;
			sourceTree = "<group>";
		};
		16A2F939202B01D00002882B /* LaunchScreen.storyboard */ = {
			isa = PBXVariantGroup;
			children = (
				16A2F93A202B01D00002882B /* Base */,
			);
			name = LaunchScreen.storyboard;
			sourceTree = "<group>";
		};
/* End PBXVariantGroup section */

/* Begin XCBuildConfiguration section */
		16A2F93D202B01D00002882B /* Debug */ = {
			isa = XCBuildConfiguration;
			buildSettings = {
				ALWAYS_SEARCH_USER_PATHS = NO;
				CLANG_ANALYZER_NONNULL = YES;
				CLANG_ANALYZER_NUMBER_OBJECT_CONVERSION = YES_AGGRESSIVE;
				CLANG_CXX_LANGUAGE_STANDARD = "gnu++14";
				CLANG_CXX_LIBRARY = "libc++";
				CLANG_ENABLE_MODULES = YES;
				CLANG_ENABLE_OBJC_ARC = YES;
				CLANG_WARN_BLOCK_CAPTURE_AUTORELEASING = YES;
				CLANG_WARN_BOOL_CONVERSION = YES;
				CLANG_WARN_COMMA = YES;
				CLANG_WARN_CONSTANT_CONVERSION = YES;
				CLANG_WARN_DIRECT_OBJC_ISA_USAGE = YES_ERROR;
				CLANG_WARN_DOCUMENTATION_COMMENTS = YES;
				CLANG_WARN_EMPTY_BODY = YES;
				CLANG_WARN_ENUM_CONVERSION = YES;
				CLANG_WARN_INFINITE_RECURSION = YES;
				CLANG_WARN_INT_CONVERSION = YES;
				CLANG_WARN_NON_LITERAL_NULL_CONVERSION = YES;
				CLANG_WARN_OBJC_LITERAL_CONVERSION = YES;
				CLANG_WARN_OBJC_ROOT_CLASS = YES_ERROR;
				CLANG_WARN_RANGE_LOOP_ANALYSIS = YES;
				CLANG_WARN_STRICT_PROTOTYPES = YES;
				CLANG_WARN_SUSPICIOUS_MOVE = YES;
				CLANG_WARN_UNGUARDED_AVAILABILITY = YES_AGGRESSIVE;
				CLANG_WARN_UNREACHABLE_CODE = YES;
				CLANG_WARN__DUPLICATE_METHOD_MATCH = YES;
				CODE_SIGN_IDENTITY = "iPhone Developer";
				COPY_PHASE_STRIP = NO;
				DEBUG_INFORMATION_FORMAT = dwarf;
				ENABLE_STRICT_OBJC_MSGSEND = YES;
				ENABLE_TESTABILITY = YES;
				GCC_C_LANGUAGE_STANDARD = gnu11;
				GCC_DYNAMIC_NO_PIC = NO;
				GCC_NO_COMMON_BLOCKS = YES;
				GCC_OPTIMIZATION_LEVEL = 0;
				GCC_PREPROCESSOR_DEFINITIONS = (
					"DEBUG=1",
					"$(inherited)",
				);
				GCC_WARN_64_TO_32_BIT_CONVERSION = YES;
				GCC_WARN_ABOUT_RETURN_TYPE = YES_ERROR;
				GCC_WARN_UNDECLARED_SELECTOR = YES;
				GCC_WARN_UNINITIALIZED_AUTOS = YES_AGGRESSIVE;
				GCC_WARN_UNUSED_FUNCTION = YES;
				GCC_WARN_UNUSED_VARIABLE = YES;
				IPHONEOS_DEPLOYMENT_TARGET = 11.1;
				MTL_ENABLE_DEBUG_INFO = YES;
				ONLY_ACTIVE_ARCH = YES;
				SDKROOT = iphoneos;
				SWIFT_ACTIVE_COMPILATION_CONDITIONS = DEBUG;
				SWIFT_OPTIMIZATION_LEVEL = "-Onone";
			};
			name = Debug;
		};
		16A2F93E202B01D00002882B /* Release */ = {
			isa = XCBuildConfiguration;
			buildSettings = {
				ALWAYS_SEARCH_USER_PATHS = NO;
				CLANG_ANALYZER_NONNULL = YES;
				CLANG_ANALYZER_NUMBER_OBJECT_CONVERSION = YES_AGGRESSIVE;
				CLANG_CXX_LANGUAGE_STANDARD = "gnu++14";
				CLANG_CXX_LIBRARY = "libc++";
				CLANG_ENABLE_MODULES = YES;
				CLANG_ENABLE_OBJC_ARC = YES;
				CLANG_WARN_BLOCK_CAPTURE_AUTORELEASING = YES;
				CLANG_WARN_BOOL_CONVERSION = YES;
				CLANG_WARN_COMMA = YES;
				CLANG_WARN_CONSTANT_CONVERSION = YES;
				CLANG_WARN_DIRECT_OBJC_ISA_USAGE = YES_ERROR;
				CLANG_WARN_DOCUMENTATION_COMMENTS = YES;
				CLANG_WARN_EMPTY_BODY = YES;
				CLANG_WARN_ENUM_CONVERSION = YES;
				CLANG_WARN_INFINITE_RECURSION = YES;
				CLANG_WARN_INT_CONVERSION = YES;
				CLANG_WARN_NON_LITERAL_NULL_CONVERSION = YES;
				CLANG_WARN_OBJC_LITERAL_CONVERSION = YES;
				CLANG_WARN_OBJC_ROOT_CLASS = YES_ERROR;
				CLANG_WARN_RANGE_LOOP_ANALYSIS = YES;
				CLANG_WARN_STRICT_PROTOTYPES = YES;
				CLANG_WARN_SUSPICIOUS_MOVE = YES;
				CLANG_WARN_UNGUARDED_AVAILABILITY = YES_AGGRESSIVE;
				CLANG_WARN_UNREACHABLE_CODE = YES;
				CLANG_WARN__DUPLICATE_METHOD_MATCH = YES;
				CODE_SIGN_IDENTITY = "iPhone Developer";
				COPY_PHASE_STRIP = NO;
				DEBUG_INFORMATION_FORMAT = "dwarf-with-dsym";
				ENABLE_NS_ASSERTIONS = NO;
				ENABLE_STRICT_OBJC_MSGSEND = YES;
				GCC_C_LANGUAGE_STANDARD = gnu11;
				GCC_NO_COMMON_BLOCKS = YES;
				GCC_WARN_64_TO_32_BIT_CONVERSION = YES;
				GCC_WARN_ABOUT_RETURN_TYPE = YES_ERROR;
				GCC_WARN_UNDECLARED_SELECTOR = YES;
				GCC_WARN_UNINITIALIZED_AUTOS = YES_AGGRESSIVE;
				GCC_WARN_UNUSED_FUNCTION = YES;
				GCC_WARN_UNUSED_VARIABLE = YES;
				IPHONEOS_DEPLOYMENT_TARGET = 11.1;
				MTL_ENABLE_DEBUG_INFO = NO;
				SDKROOT = iphoneos;
				SWIFT_OPTIMIZATION_LEVEL = "-Owholemodule";
				VALIDATE_PRODUCT = YES;
			};
			name = Release;
		};
		16A2F940202B01D00002882B /* Debug */ = {
			isa = XCBuildConfiguration;
			buildSettings = {
				ASSETCATALOG_COMPILER_APPICON_NAME = AppIcon;
				CLANG_ENABLE_MODULES = YES;
				CODE_SIGN_STYLE = Automatic;
				DEVELOPMENT_TEAM = 4TAZVPEAZN;
				INFOPLIST_FILE = WebViewSSL/Info.plist;
				LD_RUNPATH_SEARCH_PATHS = "$(inherited) @executable_path/Frameworks";
				PRODUCT_BUNDLE_IDENTIFIER = com.tomyfactory.WebViewSSL;
				PRODUCT_NAME = "$(TARGET_NAME)";
				SWIFT_OBJC_BRIDGING_HEADER = "$(SRCROOT)/$(PRODUCT)WebViewSSL/extension/WebViewSSL-Bridging-Header.h";
				SWIFT_OPTIMIZATION_LEVEL = "-Onone";
				SWIFT_VERSION = 4.0;
				TARGETED_DEVICE_FAMILY = "1,2";
			};
			name = Debug;
		};
		16A2F941202B01D00002882B /* Release */ = {
			isa = XCBuildConfiguration;
			buildSettings = {
				ASSETCATALOG_COMPILER_APPICON_NAME = AppIcon;
				CLANG_ENABLE_MODULES = YES;
				CODE_SIGN_STYLE = Automatic;
				DEVELOPMENT_TEAM = 4TAZVPEAZN;
				INFOPLIST_FILE = WebViewSSL/Info.plist;
				LD_RUNPATH_SEARCH_PATHS = "$(inherited) @executable_path/Frameworks";
				PRODUCT_BUNDLE_IDENTIFIER = com.tomyfactory.WebViewSSL;
				PRODUCT_NAME = "$(TARGET_NAME)";
				SWIFT_OBJC_BRIDGING_HEADER = "$(SRCROOT)/$(PRODUCT)WebViewSSL/extension/WebViewSSL-Bridging-Header.h";
				SWIFT_VERSION = 4.0;
				TARGETED_DEVICE_FAMILY = "1,2";
			};
			name = Release;
		};
/* End XCBuildConfiguration section */

/* Begin XCConfigurationList section */
		16A2F928202B01D00002882B /* Build configuration list for PBXProject "WebViewSSL" */ = {
			isa = XCConfigurationList;
			buildConfigurations = (
				16A2F93D202B01D00002882B /* Debug */,
				16A2F93E202B01D00002882B /* Release */,
			);
			defaultConfigurationIsVisible = 0;
			defaultConfigurationName = Release;
		};
		16A2F93F202B01D00002882B /* Build configuration list for PBXNativeTarget "WebViewSSL" */ = {
			isa = XCConfigurationList;
			buildConfigurations = (
				16A2F940202B01D00002882B /* Debug */,
				16A2F941202B01D00002882B /* Release */,
			);
			defaultConfigurationIsVisible = 0;
			defaultConfigurationName = Release;
		};
/* End XCConfigurationList section */
	};
	rootObject = 16A2F925202B01D00002882B /* Project object */;
}
